
Microsoft Visual Studio Solution File, Format Version 12.00
# Visual Studio Version 17
VisualStudioVersion = 17.14.36414.22
MinimumVisualStudioVersion = 10.0.40219.1
Project("{8BC9CEB8-8B4A-11D0-8D11-00A0C91BC942}") = "ch07", "ch07\ch07.vcxproj", "{2B890D62-E205-44F9-B6E7-E0565D6AD3D6}"
EndProject
Project("{8BC9CEB8-8B4A-11D0-8D11-00A0C91BC942}") = "ch07 Assignment", "ch07 Assignment\ch07 Assignment.vcxproj", "{60166907-B18B-4E1F-9AAB-533B14BD9E05}"
EndProject
Project("{8BC9CEB8-8B4A-11D0-8D11-00A0C91BC942}") = "ch09", "ch09\ch09.vcxproj", "{0B6BAD3A-C067-4A66-923D-1AB2EE27EF98}"
EndProject
Project("{8BC9CEB8-8B4A-11D0-8D11-00A0C91BC942}") = "ch09 Assignment", "chap09 Assignment\chap09 Assignment.vcxproj", "{7C4F4642-68B6-4D3C-AA71-21B9556331F3}"
EndProject
Project("{8BC9CEB8-8B4A-11D0-8D11-00A0C91BC942}") = "ch10", "ch10\ch10.vcxproj", "{CEDD3869-A1E0-4A35-AE32-16BB032FCD30}"
EndProject
Project("{8BC9CEB8-8B4A-11D0-8D11-00A0C91BC942}") = "ch10 Assignment", "ch10 Assignment\ch10 Assignment.vcxproj", "{26192898-DEDC-4AF4-ACA8-7D99087EA621}"
EndProject
Project("{8BC9CEB8-8B4A-11D0-8D11-00A0C91BC942}") = "ch08", "ch08\ch08.vcxproj", "{D90B875F-6DE5-49A0-A3BB-B54CE0E621F8}"
EndProject
Project("{8BC9CEB8-8B4A-11D0-8D11-00A0C91BC942}") = "ch08 Assignment", "ch08 Assignment\ch08 Assignment.vcxproj", "{CEF84D9A-B868-4272-81C4-54375E30584C}"
EndProject
Global
	GlobalSection(SolutionConfigurationPlatforms) = preSolution
		Debug|x64 = Debug|x64
		Debug|x86 = Debug|x86
		Release|x64 = Release|x64
		Release|x86 = Release|x86
	EndGlobalSection
	GlobalSection(ProjectConfigurationPlatforms) = postSolution
		{2B890D62-E205-44F9-B6E7-E0565D6AD3D6}.Debug|x64.ActiveCfg = Debug|x64
		{2B890D62-E205-44F9-B6E7-E0565D6AD3D6}.Debug|x64.Build.0 = Debug|x64
		{2B890D62-E205-44F9-B6E7-E0565D6AD3D6}.Debug|x86.ActiveCfg = Debug|Win32
		{2B890D62-E205-44F9-B6E7-E0565D6AD3D6}.Debug|x86.Build.0 = Debug|Win32
		{2B890D62-E205-44F9-B6E7-E0565D6AD3D6}.Release|x64.ActiveCfg = Release|x64
		{2B890D62-E205-44F9-B6E7-E0565D6AD3D6}.Release|x64.Build.0 = Release|x64
		{2B890D62-E205-44F9-B6E7-E0565D6AD3D6}.Release|x86.ActiveCfg = Release|Win32
		{2B890D62-E205-44F9-B6E7-E0565D6AD3D6}.Release|x86.Build.0 = Release|Win32
		{60166907-B18B-4E1F-9AAB-533B14BD9E05}.Debug|x64.ActiveCfg = Debug|x64
		{60166907-B18B-4E1F-9AAB-533B14BD9E05}.Debug|x64.Build.0 = Debug|x64
		{60166907-B18B-4E1F-9AAB-533B14BD9E05}.Debug|x86.ActiveCfg = Debug|Win32
		{60166907-B18B-4E1F-9AAB-533B14BD9E05}.Debug|x86.Build.0 = Debug|Win32
		{60166907-B18B-4E1F-9AAB-533B14BD9E05}.Release|x64.ActiveCfg = Release|x64
		{60166907-B18B-4E1F-9AAB-533B14BD9E05}.Release|x64.Build.0 = Release|x64
		{60166907-B18B-4E1F-9AAB-533B14BD9E05}.Release|x86.ActiveCfg = Release|Win32
		{60166907-B18B-4E1F-9AAB-533B14BD9E05}.Release|x86.Build.0 = Release|Win32
		{0B6BAD3A-C067-4A66-923D-1AB2EE27EF98}.Debug|x64.ActiveCfg = Debug|x64
		{0B6BAD3A-C067-4A66-923D-1AB2EE27EF98}.Debug|x64.Build.0 = Debug|x64
		{0B6BAD3A-C067-4A66-923D-1AB2EE27EF98}.Debug|x86.ActiveCfg = Debug|Win32
		{0B6BAD3A-C067-4A66-923D-1AB2EE27EF98}.Debug|x86.Build.0 = Debug|Win32
		{0B6BAD3A-C067-4A66-923D-1AB2EE27EF98}.Release|x64.ActiveCfg = Release|x64
		{0B6BAD3A-C067-4A66-923D-1AB2EE27EF98}.Release|x64.Build.0 = Release|x64
		{0B6BAD3A-C067-4A66-923D-1AB2EE27EF98}.Release|x86.ActiveCfg = Release|Win32
		{0B6BAD3A-C067-4A66-923D-1AB2EE27EF98}.Release|x86.Build.0 = Release|Win32
		{7C4F4642-68B6-4D3C-AA71-21B9556331F3}.Debug|x64.ActiveCfg = Debug|x64
		{7C4F4642-68B6-4D3C-AA71-21B9556331F3}.Debug|x64.Build.0 = Debug|x64
		{7C4F4642-68B6-4D3C-AA71-21B9556331F3}.Debug|x86.ActiveCfg = Debug|Win32
		{7C4F4642-68B6-4D3C-AA71-21B9556331F3}.Debug|x86.Build.0 = Debug|Win32
		{7C4F4642-68B6-4D3C-AA71-21B9556331F3}.Release|x64.ActiveCfg = Release|x64
		{7C4F4642-68B6-4D3C-AA71-21B9556331F3}.Release|x64.Build.0 = Release|x64
		{7C4F4642-68B6-4D3C-AA71-21B9556331F3}.Release|x86.ActiveCfg = Release|Win32
		{7C4F4642-68B6-4D3C-AA71-21B9556331F3}.Release|x86.Build.0 = Release|Win32
		{CEDD3869-A1E0-4A35-AE32-16BB032FCD30}.Debug|x64.ActiveCfg = Debug|x64
		{CEDD3869-A1E0-4A35-AE32-16BB032FCD30}.Debug|x64.Build.0 = Debug|x64
		{CEDD3869-A1E0-4A35-AE32-16BB032FCD30}.Debug|x86.ActiveCfg = Debug|Win32
		{CEDD3869-A1E0-4A35-AE32-16BB032FCD30}.Debug|x86.Build.0 = Debug|Win32
		{CEDD3869-A1E0-4A35-AE32-16BB032FCD30}.Release|x64.ActiveCfg = Release|x64
		{CEDD3869-A1E0-4A35-AE32-16BB032FCD30}.Release|x64.Build.0 = Release|x64
		{CEDD3869-A1E0-4A35-AE32-16BB032FCD30}.Release|x86.ActiveCfg = Release|Win32
		{CEDD3869-A1E0-4A35-AE32-16BB032FCD30}.Release|x86.Build.0 = Release|Win32
		{26192898-DEDC-4AF4-ACA8-7D99087EA621}.Debug|x64.ActiveCfg = Debug|x64
		{26192898-DEDC-4AF4-ACA8-7D99087EA621}.Debug|x64.Build.0 = Debug|x64
		{26192898-DEDC-4AF4-ACA8-7D99087EA621}.Debug|x86.ActiveCfg = Debug|Win32
		{26192898-DEDC-4AF4-ACA8-7D99087EA621}.Debug|x86.Build.0 = Debug|Win32
		{26192898-DEDC-4AF4-ACA8-7D99087EA621}.Release|x64.ActiveCfg = Release|x64
		{26192898-DEDC-4AF4-ACA8-7D99087EA621}.Release|x64.Build.0 = Release|x64
		{26192898-DEDC-4AF4-ACA8-7D99087EA621}.Release|x86.ActiveCfg = Release|Win32
		{26192898-DEDC-4AF4-ACA8-7D99087EA621}.Release|x86.Build.0 = Release|Win32
		{D90B875F-6DE5-49A0-A3BB-B54CE0E621F8}.Debug|x64.ActiveCfg = Debug|x64
		{D90B875F-6DE5-49A0-A3BB-B54CE0E621F8}.Debug|x64.Build.0 = Debug|x64
		{D90B875F-6DE5-49A0-A3BB-B54CE0E621F8}.Debug|x86.ActiveCfg = Debug|Win32
		{D90B875F-6DE5-49A0-A3BB-B54CE0E621F8}.Debug|x86.Build.0 = Debug|Win32
		{D90B875F-6DE5-49A0-A3BB-B54CE0E621F8}.Release|x64.ActiveCfg = Release|x64
		{D90B875F-6DE5-49A0-A3BB-B54CE0E621F8}.Release|x64.Build.0 = Release|x64
		{D90B875F-6DE5-49A0-A3BB-B54CE0E621F8}.Release|x86.ActiveCfg = Release|Win32
		{D90B875F-6DE5-49A0-A3BB-B54CE0E621F8}.Release|x86.Build.0 = Release|Win32
		{CEF84D9A-B868-4272-81C4-54375E30584C}.Debug|x64.ActiveCfg = Debug|x64
		{CEF84D9A-B868-4272-81C4-54375E30584C}.Debug|x64.Build.0 = Debug|x64
		{CEF84D9A-B868-4272-81C4-54375E30584C}.Debug|x86.ActiveCfg = Debug|Win32
		{CEF84D9A-B868-4272-81C4-54375E30584C}.Debug|x86.Build.0 = Debug|Win32
		{CEF84D9A-B868-4272-81C4-54375E30584C}.Release|x64.ActiveCfg = Release|x64
		{CEF84D9A-B868-4272-81C4-54375E30584C}.Release|x64.Build.0 = Release|x64
		{CEF84D9A-B868-4272-81C4-54375E30584C}.Release|x86.ActiveCfg = Release|Win32
		{CEF84D9A-B868-4272-81C4-54375E30584C}.Release|x86.Build.0 = Release|Win32
	EndGlobalSection
	GlobalSection(SolutionProperties) = preSolution
		HideSolutionNode = FALSE
	EndGlobalSection
	GlobalSection(ExtensibilityGlobals) = postSolution
		SolutionGuid = {EE911050-40C5-44A1-A4C1-AD12859AA015}
	EndGlobalSection
EndGlobal
